
Microsoft Visual Studio Solution File, Format Version 11.00
# Visual Studio 2010
Project("{FAE04EC0-301F-11D3-BF4B-00C04F79EFBC}") = "CallCenterManager", "CallCenterManager\CallCenterManager.csproj", "{2E25D3B5-B6C5-43C8-90A7-5F54F91E05A1}"
EndProject
Project("{54435603-DBB4-11D2-8724-00A0C9A8B90C}") = "Installer", "Installer\Installer.vdproj", "{224A7FF6-26E9-41B6-ACA5-9CAEBE3BDBE1}"
EndProject
Global
	GlobalSection(SubversionScc) = preSolution
		Svn-Managed = True
		Manager = AnkhSVN - Subversion Support for Visual Studio
	EndGlobalSection
	GlobalSection(SolutionConfigurationPlatforms) = preSolution
		Debug|Any CPU = Debug|Any CPU
		Release|Any CPU = Release|Any CPU
	EndGlobalSection
	GlobalSection(ProjectConfigurationPlatforms) = postSolution
		{2E25D3B5-B6C5-43C8-90A7-5F54F91E05A1}.Debug|Any CPU.ActiveCfg = Debug|Any CPU
		{2E25D3B5-B6C5-43C8-90A7-5F54F91E05A1}.Debug|Any CPU.Build.0 = Debug|Any CPU
		{2E25D3B5-B6C5-43C8-90A7-5F54F91E05A1}.Release|Any CPU.ActiveCfg = Release|Any CPU
		{2E25D3B5-B6C5-43C8-90A7-5F54F91E05A1}.Release|Any CPU.Build.0 = Release|Any CPU
		{224A7FF6-26E9-41B6-ACA5-9CAEBE3BDBE1}.Debug|Any CPU.ActiveCfg = Debug
		{224A7FF6-26E9-41B6-ACA5-9CAEBE3BDBE1}.Debug|Any CPU.Build.0 = Debug
		{224A7FF6-26E9-41B6-ACA5-9CAEBE3BDBE1}.Release|Any CPU.ActiveCfg = Release
		{224A7FF6-26E9-41B6-ACA5-9CAEBE3BDBE1}.Release|Any CPU.Build.0 = Release
	EndGlobalSection
	GlobalSection(SolutionProperties) = preSolution
		HideSolutionNode = FALSE
	EndGlobalSection
EndGlobal
